
Microsoft Visual Studio Solution File, Format Version 10.00
# Visual Studio 2008
Project("{FAE04EC0-301F-11D3-BF4B-00C04F79EFBC}") = "Cubex Calculator", "Squarex Calculator.csproj", "{D189D1B1-AE1C-4471-8DB8-552282B33000}"
EndProject
Global
	GlobalSection(SolutionConfigurationPlatforms) = preSolution
		Debug|Any CPU = Debug|Any CPU
		Release|Any CPU = Release|Any CPU
	EndGlobalSection
	GlobalSection(ProjectConfigurationPlatforms) = postSolution
		{D189D1B1-AE1C-4471-8DB8-552282B33000}.Debug|Any CPU.ActiveCfg = Debug|Any CPU
		{D189D1B1-AE1C-4471-8DB8-552282B33000}.Debug|Any CPU.Build.0 = Debug|Any CPU
		{D189D1B1-AE1C-4471-8DB8-552282B33000}.Release|Any CPU.ActiveCfg = Release|Any CPU
		{D189D1B1-AE1C-4471-8DB8-552282B33000}.Release|Any CPU.Build.0 = Release|Any CPU
	EndGlobalSection
	GlobalSection(SolutionProperties) = preSolution
		HideSolutionNode = FALSE
	EndGlobalSection
EndGlobal
